// !$*UTF8*$!
{
	archiveVersion = 1;
	classes = {
	};
	objectVersion = 55;
	objects = {

/* Begin PBXBuildFile section */
		713915432873445C00823D63 /* AppDelegate.swift in Sources */ = {isa = PBXBuildFile; fileRef = 713915422873445C00823D63 /* AppDelegate.swift */; };
		713915452873445C00823D63 /* SceneDelegate.swift in Sources */ = {isa = PBXBuildFile; fileRef = 713915442873445C00823D63 /* SceneDelegate.swift */; };
		713915472873445C00823D63 /* HomeController.swift in Sources */ = {isa = PBXBuildFile; fileRef = 713915462873445C00823D63 /* HomeController.swift */; };
		7139154A2873445C00823D63 /* Main.storyboard in Resources */ = {isa = PBXBuildFile; fileRef = 713915482873445C00823D63 /* Main.storyboard */; };
		7139154C2873445F00823D63 /* Assets.xcassets in Resources */ = {isa = PBXBuildFile; fileRef = 7139154B2873445F00823D63 /* Assets.xcassets */; };
		7139154F2873445F00823D63 /* LaunchScreen.storyboard in Resources */ = {isa = PBXBuildFile; fileRef = 7139154D2873445F00823D63 /* LaunchScreen.storyboard */; };
		7139155B287345B200823D63 /* BurgerResponse.swift in Sources */ = {isa = PBXBuildFile; fileRef = 7139155A287345B200823D63 /* BurgerResponse.swift */; };
		7139155F2873469400823D63 /* HomeTableViewCell.swift in Sources */ = {isa = PBXBuildFile; fileRef = 7139155D2873469400823D63 /* HomeTableViewCell.swift */; };
		713915602873469400823D63 /* HomeTableViewCell.xib in Resources */ = {isa = PBXBuildFile; fileRef = 7139155E2873469400823D63 /* HomeTableViewCell.xib */; };
		7139156228734E1C00823D63 /* API.swift in Sources */ = {isa = PBXBuildFile; fileRef = 7139156128734E1C00823D63 /* API.swift */; };
		7139156528735EEB00823D63 /* UIImageView+LoadURL.swift in Sources */ = {isa = PBXBuildFile; fileRef = 7139156428735EEB00823D63 /* UIImageView+LoadURL.swift */; };
/* End PBXBuildFile section */

/* Begin PBXFileReference section */
		7139153F2873445C00823D63 /* BigBurger.app */ = {isa = PBXFileReference; explicitFileType = wrapper.application; includeInIndex = 0; path = BigBurger.app; sourceTree = BUILT_PRODUCTS_DIR; };
		713915422873445C00823D63 /* AppDelegate.swift */ = {isa = PBXFileReference; lastKnownFileType = sourcecode.swift; path = AppDelegate.swift; sourceTree = "<group>"; };
		713915442873445C00823D63 /* SceneDelegate.swift */ = {isa = PBXFileReference; lastKnownFileType = sourcecode.swift; path = SceneDelegate.swift; sourceTree = "<group>"; };
		713915462873445C00823D63 /* HomeController.swift */ = {isa = PBXFileReference; lastKnownFileType = sourcecode.swift; path = HomeController.swift; sourceTree = "<group>"; };
		713915492873445C00823D63 /* Base */ = {isa = PBXFileReference; lastKnownFileType = file.storyboard; name = Base; path = Base.lproj/Main.storyboard; sourceTree = "<group>"; };
		7139154B2873445F00823D63 /* Assets.xcassets */ = {isa = PBXFileReference; lastKnownFileType = folder.assetcatalog; path = Assets.xcassets; sourceTree = "<group>"; };
		7139154E2873445F00823D63 /* Base */ = {isa = PBXFileReference; lastKnownFileType = file.storyboard; name = Base; path = Base.lproj/LaunchScreen.storyboard; sourceTree = "<group>"; };
		713915502873445F00823D63 /* Info.plist */ = {isa = PBXFileReference; lastKnownFileType = text.plist.xml; path = Info.plist; sourceTree = "<group>"; };
		7139155A287345B200823D63 /* BurgerResponse.swift */ = {isa = PBXFileReference; lastKnownFileType = sourcecode.swift; path = BurgerResponse.swift; sourceTree = "<group>"; };
		7139155D2873469400823D63 /* HomeTableViewCell.swift */ = {isa = PBXFileReference; lastKnownFileType = sourcecode.swift; name = HomeTableViewCell.swift; path = View/HomeTableViewCell.swift; sourceTree = "<group>"; };
		7139155E2873469400823D63 /* HomeTableViewCell.xib */ = {isa = PBXFileReference; lastKnownFileType = file.xib; name = HomeTableViewCell.xib; path = View/HomeTableViewCell.xib; sourceTree = "<group>"; };
		7139156128734E1C00823D63 /* API.swift */ = {isa = PBXFileReference; lastKnownFileType = sourcecode.swift; path = API.swift; sourceTree = "<group>"; };
		7139156428735EEB00823D63 /* UIImageView+LoadURL.swift */ = {isa = PBXFileReference; lastKnownFileType = sourcecode.swift; path = "UIImageView+LoadURL.swift"; sourceTree = "<group>"; };
/* End PBXFileReference section */

/* Begin PBXFrameworksBuildPhase section */
		7139153C2873445C00823D63 /* Frameworks */ = {
			isa = PBXFrameworksBuildPhase;
			buildActionMask = 2147483647;
			files = (
			);
			runOnlyForDeploymentPostprocessing = 0;
		};
/* End PBXFrameworksBuildPhase section */

/* Begin PBXGroup section */
		713915362873445C00823D63 = {
			isa = PBXGroup;
			children = (
				713915412873445C00823D63 /* BigBurger */,
				713915402873445C00823D63 /* Products */,
			);
			sourceTree = "<group>";
		};
		713915402873445C00823D63 /* Products */ = {
			isa = PBXGroup;
			children = (
				7139153F2873445C00823D63 /* BigBurger.app */,
			);
			name = Products;
			sourceTree = "<group>";
		};
		713915412873445C00823D63 /* BigBurger */ = {
			isa = PBXGroup;
			children = (
				7139156328735ECA00823D63 /* Extensions */,
				7139155C2873467B00823D63 /* View */,
				71391559287344F200823D63 /* Controller */,
				71391558287344E900823D63 /* ViewModel */,
				71391556287344D800823D63 /* Model */,
				713915422873445C00823D63 /* AppDelegate.swift */,
				713915442873445C00823D63 /* SceneDelegate.swift */,
				7139154B2873445F00823D63 /* Assets.xcassets */,
				7139154D2873445F00823D63 /* LaunchScreen.storyboard */,
				713915502873445F00823D63 /* Info.plist */,
				7139155D2873469400823D63 /* HomeTableViewCell.swift */,
				7139155E2873469400823D63 /* HomeTableViewCell.xib */,
			);
			path = BigBurger;
			sourceTree = "<group>";
		};
		71391556287344D800823D63 /* Model */ = {
			isa = PBXGroup;
			children = (
				7139155A287345B200823D63 /* BurgerResponse.swift */,
			);
			path = Model;
			sourceTree = "<group>";
		};
		71391558287344E900823D63 /* ViewModel */ = {
			isa = PBXGroup;
			children = (
				7139156128734E1C00823D63 /* API.swift */,
			);
			path = ViewModel;
			sourceTree = "<group>";
		};
		71391559287344F200823D63 /* Controller */ = {
			isa = PBXGroup;
			children = (
				713915462873445C00823D63 /* HomeController.swift */,
			);
			path = Controller;
			sourceTree = "<group>";
		};
		7139155C2873467B00823D63 /* View */ = {
			isa = PBXGroup;
			children = (
				713915482873445C00823D63 /* Main.storyboard */,
			);
			path = View;
			sourceTree = "<group>";
		};
		7139156328735ECA00823D63 /* Extensions */ = {
			isa = PBXGroup;
			children = (
				7139156428735EEB00823D63 /* UIImageView+LoadURL.swift */,
			);
			path = Extensions;
			sourceTree = "<group>";
		};
/* End PBXGroup section */

/* Begin PBXNativeTarget section */
		7139153E2873445C00823D63 /* BigBurger */ = {
			isa = PBXNativeTarget;
			buildConfigurationList = 713915532873445F00823D63 /* Build configuration list for PBXNativeTarget "BigBurger" */;
			buildPhases = (
				7139153B2873445C00823D63 /* Sources */,
				7139153C2873445C00823D63 /* Frameworks */,
				7139153D2873445C00823D63 /* Resources */,
			);
			buildRules = (
			);
			dependencies = (
			);
			name = BigBurger;
			productName = BigBurger;
			productReference = 7139153F2873445C00823D63 /* BigBurger.app */;
			productType = "com.apple.product-type.application";
		};
/* End PBXNativeTarget section */

/* Begin PBXProject section */
		713915372873445C00823D63 /* Project object */ = {
			isa = PBXProject;
			attributes = {
				BuildIndependentTargetsInParallel = 1;
				LastSwiftUpdateCheck = 1340;
				LastUpgradeCheck = 1340;
				TargetAttributes = {
					7139153E2873445C00823D63 = {
						CreatedOnToolsVersion = 13.4.1;
					};
				};
			};
			buildConfigurationList = 7139153A2873445C00823D63 /* Build configuration list for PBXProject "BigBurger" */;
			compatibilityVersion = "Xcode 13.0";
			developmentRegion = en;
			hasScannedForEncodings = 0;
			knownRegions = (
				en,
				Base,
			);
			mainGroup = 713915362873445C00823D63;
			productRefGroup = 713915402873445C00823D63 /* Products */;
			projectDirPath = "";
			projectRoot = "";
			targets = (
				7139153E2873445C00823D63 /* BigBurger */,
			);
		};
/* End PBXProject section */

/* Begin PBXResourcesBuildPhase section */
		7139153D2873445C00823D63 /* Resources */ = {
			isa = PBXResourcesBuildPhase;
			buildActionMask = 2147483647;
			files = (
				7139154F2873445F00823D63 /* LaunchScreen.storyboard in Resources */,
				713915602873469400823D63 /* HomeTableViewCell.xib in Resources */,
				7139154C2873445F00823D63 /* Assets.xcassets in Resources */,
				7139154A2873445C00823D63 /* Main.storyboard in Resources */,
			);
			runOnlyForDeploymentPostprocessing = 0;
		};
/* End PBXResourcesBuildPhase section */

/* Begin PBXSourcesBuildPhase section */
		7139153B2873445C00823D63 /* Sources */ = {
			isa = PBXSourcesBuildPhase;
			buildActionMask = 2147483647;
			files = (
				7139155F2873469400823D63 /* HomeTableViewCell.swift in Sources */,
				713915472873445C00823D63 /* HomeController.swift in Sources */,
				7139156528735EEB00823D63 /* UIImageView+LoadURL.swift in Sources */,
				7139155B287345B200823D63 /* BurgerResponse.swift in Sources */,
				713915432873445C00823D63 /* AppDelegate.swift in Sources */,
				7139156228734E1C00823D63 /* API.swift in Sources */,
				713915452873445C00823D63 /* SceneDelegate.swift in Sources */,
			);
			runOnlyForDeploymentPostprocessing = 0;
		};
/* End PBXSourcesBuildPhase section */

/* Begin PBXVariantGroup section */
		713915482873445C00823D63 /* Main.storyboard */ = {
			isa = PBXVariantGroup;
			children = (
				713915492873445C00823D63 /* Base */,
			);
			name = Main.storyboard;
			sourceTree = "<group>";
		};
		7139154D2873445F00823D63 /* LaunchScreen.storyboard */ = {
			isa = PBXVariantGroup;
			children = (
				7139154E2873445F00823D63 /* Base */,
			);
			name = LaunchScreen.storyboard;
			sourceTree = "<group>";
		};
/* End PBXVariantGroup section */

/* Begin XCBuildConfiguration section */
		713915512873445F00823D63 /* Debug */ = {
			isa = XCBuildConfiguration;
			buildSettings = {
				ALWAYS_SEARCH_USER_PATHS = NO;
				CLANG_ANALYZER_NONNULL = YES;
				CLANG_ANALYZER_NUMBER_OBJECT_CONVERSION = YES_AGGRESSIVE;
				CLANG_CXX_LANGUAGE_STANDARD = "gnu++17";
				CLANG_ENABLE_MODULES = YES;
				CLANG_ENABLE_OBJC_ARC = YES;
				CLANG_ENABLE_OBJC_WEAK = YES;
				CLANG_WARN_BLOCK_CAPTURE_AUTORELEASING = YES;
				CLANG_WARN_BOOL_CONVERSION = YES;
				CLANG_WARN_COMMA = YES;
				CLANG_WARN_CONSTANT_CONVERSION = YES;
				CLANG_WARN_DEPRECATED_OBJC_IMPLEMENTATIONS = YES;
				CLANG_WARN_DIRECT_OBJC_ISA_USAGE = YES_ERROR;
				CLANG_WARN_DOCUMENTATION_COMMENTS = YES;
				CLANG_WARN_EMPTY_BODY = YES;
				CLANG_WARN_ENUM_CONVERSION = YES;
				CLANG_WARN_INFINITE_RECURSION = YES;
				CLANG_WARN_INT_CONVERSION = YES;
				CLANG_WARN_NON_LITERAL_NULL_CONVERSION = YES;
				CLANG_WARN_OBJC_IMPLICIT_RETAIN_SELF = YES;
				CLANG_WARN_OBJC_LITERAL_CONVERSION = YES;
				CLANG_WARN_OBJC_ROOT_CLASS = YES_ERROR;
				CLANG_WARN_QUOTED_INCLUDE_IN_FRAMEWORK_HEADER = YES;
				CLANG_WARN_RANGE_LOOP_ANALYSIS = YES;
				CLANG_WARN_STRICT_PROTOTYPES = YES;
				CLANG_WARN_SUSPICIOUS_MOVE = YES;
				CLANG_WARN_UNGUARDED_AVAILABILITY = YES_AGGRESSIVE;
				CLANG_WARN_UNREACHABLE_CODE = YES;
				CLANG_WARN__DUPLICATE_METHOD_MATCH = YES;
				COPY_PHASE_STRIP = NO;
				DEBUG_INFORMATION_FORMAT = dwarf;
				ENABLE_STRICT_OBJC_MSGSEND = YES;
				ENABLE_TESTABILITY = YES;
				GCC_C_LANGUAGE_STANDARD = gnu11;
				GCC_DYNAMIC_NO_PIC = NO;
				GCC_NO_COMMON_BLOCKS = YES;
				GCC_OPTIMIZATION_LEVEL = 0;
				GCC_PREPROCESSOR_DEFINITIONS = (
					"DEBUG=1",
					"$(inherited)",
				);
				GCC_WARN_64_TO_32_BIT_CONVERSION = YES;
				GCC_WARN_ABOUT_RETURN_TYPE = YES_ERROR;
				GCC_WARN_UNDECLARED_SELECTOR = YES;
				GCC_WARN_UNINITIALIZED_AUTOS = YES_AGGRESSIVE;
				GCC_WARN_UNUSED_FUNCTION = YES;
				GCC_WARN_UNUSED_VARIABLE = YES;
				IPHONEOS_DEPLOYMENT_TARGET = 15.5;
				MTL_ENABLE_DEBUG_INFO = INCLUDE_SOURCE;
				MTL_FAST_MATH = YES;
				ONLY_ACTIVE_ARCH = YES;
				SDKROOT = iphoneos;
				SWIFT_ACTIVE_COMPILATION_CONDITIONS = DEBUG;
				SWIFT_OPTIMIZATION_LEVEL = "-Onone";
			};
			name = Debug;
		};
		713915522873445F00823D63 /* Release */ = {
			isa = XCBuildConfiguration;
			buildSettings = {
				ALWAYS_SEARCH_USER_PATHS = NO;
				CLANG_ANALYZER_NONNULL = YES;
				CLANG_ANALYZER_NUMBER_OBJECT_CONVERSION = YES_AGGRESSIVE;
				CLANG_CXX_LANGUAGE_STANDARD = "gnu++17";
				CLANG_ENABLE_MODULES = YES;
				CLANG_ENABLE_OBJC_ARC = YES;
				CLANG_ENABLE_OBJC_WEAK = YES;
				CLANG_WARN_BLOCK_CAPTURE_AUTORELEASING = YES;
				CLANG_WARN_BOOL_CONVERSION = YES;
				CLANG_WARN_COMMA = YES;
				CLANG_WARN_CONSTANT_CONVERSION = YES;
				CLANG_WARN_DEPRECATED_OBJC_IMPLEMENTATIONS = YES;
				CLANG_WARN_DIRECT_OBJC_ISA_USAGE = YES_ERROR;
				CLANG_WARN_DOCUMENTATION_COMMENTS = YES;
				CLANG_WARN_EMPTY_BODY = YES;
				CLANG_WARN_ENUM_CONVERSION = YES;
				CLANG_WARN_INFINITE_RECURSION = YES;
				CLANG_WARN_INT_CONVERSION = YES;
				CLANG_WARN_NON_LITERAL_NULL_CONVERSION = YES;
				CLANG_WARN_OBJC_IMPLICIT_RETAIN_SELF = YES;
				CLANG_WARN_OBJC_LITERAL_CONVERSION = YES;
				CLANG_WARN_OBJC_ROOT_CLASS = YES_ERROR;
				CLANG_WARN_QUOTED_INCLUDE_IN_FRAMEWORK_HEADER = YES;
				CLANG_WARN_RANGE_LOOP_ANALYSIS = YES;
				CLANG_WARN_STRICT_PROTOTYPES = YES;
				CLANG_WARN_SUSPICIOUS_MOVE = YES;
				CLANG_WARN_UNGUARDED_AVAILABILITY = YES_AGGRESSIVE;
				CLANG_WARN_UNREACHABLE_CODE = YES;
				CLANG_WARN__DUPLICATE_METHOD_MATCH = YES;
				COPY_PHASE_STRIP = NO;
				DEBUG_INFORMATION_FORMAT = "dwarf-with-dsym";
				ENABLE_NS_ASSERTIONS = NO;
				ENABLE_STRICT_OBJC_MSGSEND = YES;
				GCC_C_LANGUAGE_STANDARD = gnu11;
				GCC_NO_COMMON_BLOCKS = YES;
				GCC_WARN_64_TO_32_BIT_CONVERSION = YES;
				GCC_WARN_ABOUT_RETURN_TYPE = YES_ERROR;
				GCC_WARN_UNDECLARED_SELECTOR = YES;
				GCC_WARN_UNINITIALIZED_AUTOS = YES_AGGRESSIVE;
				GCC_WARN_UNUSED_FUNCTION = YES;
				GCC_WARN_UNUSED_VARIABLE = YES;
				IPHONEOS_DEPLOYMENT_TARGET = 15.5;
				MTL_ENABLE_DEBUG_INFO = NO;
				MTL_FAST_MATH = YES;
				SDKROOT = iphoneos;
				SWIFT_COMPILATION_MODE = wholemodule;
				SWIFT_OPTIMIZATION_LEVEL = "-O";
				VALIDATE_PRODUCT = YES;
			};
			name = Release;
		};
		713915542873445F00823D63 /* Debug */ = {
			isa = XCBuildConfiguration;
			buildSettings = {
				ASSETCATALOG_COMPILER_APPICON_NAME = AppIcon;
				ASSETCATALOG_COMPILER_GLOBAL_ACCENT_COLOR_NAME = AccentColor;
				CODE_SIGN_STYLE = Automatic;
				CURRENT_PROJECT_VERSION = 1;
				DEVELOPMENT_TEAM = 29T35YQBXD;
				GENERATE_INFOPLIST_FILE = YES;
				INFOPLIST_FILE = BigBurger/Info.plist;
				INFOPLIST_KEY_UIApplicationSupportsIndirectInputEvents = YES;
				INFOPLIST_KEY_UILaunchStoryboardName = LaunchScreen;
				INFOPLIST_KEY_UIMainStoryboardFile = Main;
				INFOPLIST_KEY_UISupportedInterfaceOrientations_iPad = "UIInterfaceOrientationPortrait UIInterfaceOrientationPortraitUpsideDown UIInterfaceOrientationLandscapeLeft UIInterfaceOrientationLandscapeRight";
				INFOPLIST_KEY_UISupportedInterfaceOrientations_iPhone = "UIInterfaceOrientationPortrait UIInterfaceOrientationLandscapeLeft UIInterfaceOrientationLandscapeRight";
				LD_RUNPATH_SEARCH_PATHS = (
					"$(inherited)",
					"@executable_path/Frameworks",
				);
				MARKETING_VERSION = 1.0;
				PRODUCT_BUNDLE_IDENTIFIER = com.corentios.BigBurger;
				PRODUCT_NAME = "$(TARGET_NAME)";
				SWIFT_EMIT_LOC_STRINGS = YES;
				SWIFT_VERSION = 5.0;
				TARGETED_DEVICE_FAMILY = "1,2";
			};
			name = Debug;
		};
		713915552873445F00823D63 /* Release */ = {
			isa = XCBuildConfiguration;
			buildSettings = {
				ASSETCATALOG_COMPILER_APPICON_NAME = AppIcon;
				ASSETCATALOG_COMPILER_GLOBAL_ACCENT_COLOR_NAME = AccentColor;
				CODE_SIGN_STYLE = Automatic;
				CURRENT_PROJECT_VERSION = 1;
				DEVELOPMENT_TEAM = 29T35YQBXD;
				GENERATE_INFOPLIST_FILE = YES;
				INFOPLIST_FILE = BigBurger/Info.plist;
				INFOPLIST_KEY_UIApplicationSupportsIndirectInputEvents = YES;
				INFOPLIST_KEY_UILaunchStoryboardName = LaunchScreen;
				INFOPLIST_KEY_UIMainStoryboardFile = Main;
				INFOPLIST_KEY_UISupportedInterfaceOrientations_iPad = "UIInterfaceOrientationPortrait UIInterfaceOrientationPortraitUpsideDown UIInterfaceOrientationLandscapeLeft UIInterfaceOrientationLandscapeRight";
				INFOPLIST_KEY_UISupportedInterfaceOrientations_iPhone = "UIInterfaceOrientationPortrait UIInterfaceOrientationLandscapeLeft UIInterfaceOrientationLandscapeRight";
				LD_RUNPATH_SEARCH_PATHS = (
					"$(inherited)",
					"@executable_path/Frameworks",
				);
				MARKETING_VERSION = 1.0;
				PRODUCT_BUNDLE_IDENTIFIER = com.corentios.BigBurger;
				PRODUCT_NAME = "$(TARGET_NAME)";
				SWIFT_EMIT_LOC_STRINGS = YES;
				SWIFT_VERSION = 5.0;
				TARGETED_DEVICE_FAMILY = "1,2";
			};
			name = Release;
		};
/* End XCBuildConfiguration section */

/* Begin XCConfigurationList section */
		7139153A2873445C00823D63 /* Build configuration list for PBXProject "BigBurger" */ = {
			isa = XCConfigurationList;
			buildConfigurations = (
				713915512873445F00823D63 /* Debug */,
				713915522873445F00823D63 /* Release */,
			);
			defaultConfigurationIsVisible = 0;
			defaultConfigurationName = Release;
		};
		713915532873445F00823D63 /* Build configuration list for PBXNativeTarget "BigBurger" */ = {
			isa = XCConfigurationList;
			buildConfigurations = (
				713915542873445F00823D63 /* Debug */,
				713915552873445F00823D63 /* Release */,
			);
			defaultConfigurationIsVisible = 0;
			defaultConfigurationName = Release;
		};
/* End XCConfigurationList section */
	};
	rootObject = 713915372873445C00823D63 /* Project object */;
}
